// !$*UTF8*$!
{
	archiveVersion = 1;
	classes = {
	};
	objectVersion = 50;
	objects = {

/* Begin PBXBuildFile section */
		0BC585062761FC5E008B4226 /* AppDelegate.m in Sources */ = {isa = PBXBuildFile; fileRef = 0BC585052761FC5E008B4226 /* AppDelegate.m */; };
		0BC585092761FC5E008B4226 /* SceneDelegate.m in Sources */ = {isa = PBXBuildFile; fileRef = 0BC585082761FC5E008B4226 /* SceneDelegate.m */; };
		0BC5850C2761FC5E008B4226 /* ViewController.m in Sources */ = {isa = PBXBuildFile; fileRef = 0BC5850B2761FC5E008B4226 /* ViewController.m */; };
		0BC5850F2761FC5E008B4226 /* Main.storyboard in Resources */ = {isa = PBXBuildFile; fileRef = 0BC5850D2761FC5E008B4226 /* Main.storyboard */; };
		0BC585112761FC63008B4226 /* Assets.xcassets in Resources */ = {isa = PBXBuildFile; fileRef = 0BC585102761FC63008B4226 /* Assets.xcassets */; };
		0BC585142761FC63008B4226 /* LaunchScreen.storyboard in Resources */ = {isa = PBXBuildFile; fileRef = 0BC585122761FC63008B4226 /* LaunchScreen.storyboard */; };
		0BC585172761FC63008B4226 /* main.m in Sources */ = {isa = PBXBuildFile; fileRef = 0BC585162761FC63008B4226 /* main.m */; };
		0BC585252761FC9C008B4226 /* UIImageView+DSAdd.m in Sources */ = {isa = PBXBuildFile; fileRef = 0BC5851E2761FC9B008B4226 /* UIImageView+DSAdd.m */; };
		0BC585262761FC9C008B4226 /* UIButton+DSAdd.m in Sources */ = {isa = PBXBuildFile; fileRef = 0BC585222761FC9C008B4226 /* UIButton+DSAdd.m */; };
		0BC585272761FC9C008B4226 /* UILabel+DSAdd.m in Sources */ = {isa = PBXBuildFile; fileRef = 0BC585232761FC9C008B4226 /* UILabel+DSAdd.m */; };
		0BC585282761FC9C008B4226 /* UIView+DSAdd.m in Sources */ = {isa = PBXBuildFile; fileRef = 0BC585242761FC9C008B4226 /* UIView+DSAdd.m */; };
/* End PBXBuildFile section */

/* Begin PBXFileReference section */
		0BC585012761FC5E008B4226 /* DSKit.app */ = {isa = PBXFileReference; explicitFileType = wrapper.application; includeInIndex = 0; path = DSKit.app; sourceTree = BUILT_PRODUCTS_DIR; };
		0BC585042761FC5E008B4226 /* AppDelegate.h */ = {isa = PBXFileReference; lastKnownFileType = sourcecode.c.h; path = AppDelegate.h; sourceTree = "<group>"; };
		0BC585052761FC5E008B4226 /* AppDelegate.m */ = {isa = PBXFileReference; lastKnownFileType = sourcecode.c.objc; path = AppDelegate.m; sourceTree = "<group>"; };
		0BC585072761FC5E008B4226 /* SceneDelegate.h */ = {isa = PBXFileReference; lastKnownFileType = sourcecode.c.h; path = SceneDelegate.h; sourceTree = "<group>"; };
		0BC585082761FC5E008B4226 /* SceneDelegate.m */ = {isa = PBXFileReference; lastKnownFileType = sourcecode.c.objc; path = SceneDelegate.m; sourceTree = "<group>"; };
		0BC5850A2761FC5E008B4226 /* ViewController.h */ = {isa = PBXFileReference; lastKnownFileType = sourcecode.c.h; path = ViewController.h; sourceTree = "<group>"; };
		0BC5850B2761FC5E008B4226 /* ViewController.m */ = {isa = PBXFileReference; lastKnownFileType = sourcecode.c.objc; path = ViewController.m; sourceTree = "<group>"; };
		0BC5850E2761FC5E008B4226 /* Base */ = {isa = PBXFileReference; lastKnownFileType = file.storyboard; name = Base; path = Base.lproj/Main.storyboard; sourceTree = "<group>"; };
		0BC585102761FC63008B4226 /* Assets.xcassets */ = {isa = PBXFileReference; lastKnownFileType = folder.assetcatalog; path = Assets.xcassets; sourceTree = "<group>"; };
		0BC585132761FC63008B4226 /* Base */ = {isa = PBXFileReference; lastKnownFileType = file.storyboard; name = Base; path = Base.lproj/LaunchScreen.storyboard; sourceTree = "<group>"; };
		0BC585152761FC63008B4226 /* Info.plist */ = {isa = PBXFileReference; lastKnownFileType = text.plist.xml; path = Info.plist; sourceTree = "<group>"; };
		0BC585162761FC63008B4226 /* main.m */ = {isa = PBXFileReference; lastKnownFileType = sourcecode.c.objc; path = main.m; sourceTree = "<group>"; };
		0BC5851D2761FC9B008B4226 /* UIButton+DSAdd.h */ = {isa = PBXFileReference; fileEncoding = 4; lastKnownFileType = sourcecode.c.h; path = "UIButton+DSAdd.h"; sourceTree = "<group>"; };
		0BC5851E2761FC9B008B4226 /* UIImageView+DSAdd.m */ = {isa = PBXFileReference; fileEncoding = 4; lastKnownFileType = sourcecode.c.objc; path = "UIImageView+DSAdd.m"; sourceTree = "<group>"; };
		0BC5851F2761FC9B008B4226 /* UILabel+DSAdd.h */ = {isa = PBXFileReference; fileEncoding = 4; lastKnownFileType = sourcecode.c.h; path = "UILabel+DSAdd.h"; sourceTree = "<group>"; };
		0BC585202761FC9B008B4226 /* UIView+DSAdd.h */ = {isa = PBXFileReference; fileEncoding = 4; lastKnownFileType = sourcecode.c.h; path = "UIView+DSAdd.h"; sourceTree = "<group>"; };
		0BC585212761FC9C008B4226 /* UIImageView+DSAdd.h */ = {isa = PBXFileReference; fileEncoding = 4; lastKnownFileType = sourcecode.c.h; path = "UIImageView+DSAdd.h"; sourceTree = "<group>"; };
		0BC585222761FC9C008B4226 /* UIButton+DSAdd.m */ = {isa = PBXFileReference; fileEncoding = 4; lastKnownFileType = sourcecode.c.objc; path = "UIButton+DSAdd.m"; sourceTree = "<group>"; };
		0BC585232761FC9C008B4226 /* UILabel+DSAdd.m */ = {isa = PBXFileReference; fileEncoding = 4; lastKnownFileType = sourcecode.c.objc; path = "UILabel+DSAdd.m"; sourceTree = "<group>"; };
		0BC585242761FC9C008B4226 /* UIView+DSAdd.m */ = {isa = PBXFileReference; fileEncoding = 4; lastKnownFileType = sourcecode.c.objc; path = "UIView+DSAdd.m"; sourceTree = "<group>"; };
		0BC585292761FD2E008B4226 /* DSKitHeader.h */ = {isa = PBXFileReference; lastKnownFileType = sourcecode.c.h; path = DSKitHeader.h; sourceTree = "<group>"; };
/* End PBXFileReference section */

/* Begin PBXFrameworksBuildPhase section */
		0BC584FE2761FC5E008B4226 /* Frameworks */ = {
			isa = PBXFrameworksBuildPhase;
			buildActionMask = 2147483647;
			files = (
			);
			runOnlyForDeploymentPostprocessing = 0;
		};
/* End PBXFrameworksBuildPhase section */

/* Begin PBXGroup section */
		0BC584F82761FC5E008B4226 = {
			isa = PBXGroup;
			children = (
				0BC585032761FC5E008B4226 /* DSKit */,
				0BC585022761FC5E008B4226 /* Products */,
			);
			sourceTree = "<group>";
		};
		0BC585022761FC5E008B4226 /* Products */ = {
			isa = PBXGroup;
			children = (
				0BC585012761FC5E008B4226 /* DSKit.app */,
			);
			name = Products;
			sourceTree = "<group>";
		};
		0BC585032761FC5E008B4226 /* DSKit */ = {
			isa = PBXGroup;
			children = (
				0BC585042761FC5E008B4226 /* AppDelegate.h */,
				0BC585052761FC5E008B4226 /* AppDelegate.m */,
				0BC585072761FC5E008B4226 /* SceneDelegate.h */,
				0BC585082761FC5E008B4226 /* SceneDelegate.m */,
				0BC5850A2761FC5E008B4226 /* ViewController.h */,
				0BC5850B2761FC5E008B4226 /* ViewController.m */,
				0BC5851D2761FC9B008B4226 /* UIButton+DSAdd.h */,
				0BC585222761FC9C008B4226 /* UIButton+DSAdd.m */,
				0BC585212761FC9C008B4226 /* UIImageView+DSAdd.h */,
				0BC5851E2761FC9B008B4226 /* UIImageView+DSAdd.m */,
				0BC5851F2761FC9B008B4226 /* UILabel+DSAdd.h */,
				0BC585232761FC9C008B4226 /* UILabel+DSAdd.m */,
				0BC585202761FC9B008B4226 /* UIView+DSAdd.h */,
				0BC585242761FC9C008B4226 /* UIView+DSAdd.m */,
				0BC585292761FD2E008B4226 /* DSKitHeader.h */,
				0BC5850D2761FC5E008B4226 /* Main.storyboard */,
				0BC585102761FC63008B4226 /* Assets.xcassets */,
				0BC585122761FC63008B4226 /* LaunchScreen.storyboard */,
				0BC585152761FC63008B4226 /* Info.plist */,
				0BC585162761FC63008B4226 /* main.m */,
			);
			path = DSKit;
			sourceTree = "<group>";
		};
/* End PBXGroup section */

/* Begin PBXNativeTarget section */
		0BC585002761FC5E008B4226 /* DSKit */ = {
			isa = PBXNativeTarget;
			buildConfigurationList = 0BC5851A2761FC63008B4226 /* Build configuration list for PBXNativeTarget "DSKit" */;
			buildPhases = (
				0BC584FD2761FC5E008B4226 /* Sources */,
				0BC584FE2761FC5E008B4226 /* Frameworks */,
				0BC584FF2761FC5E008B4226 /* Resources */,
			);
			buildRules = (
			);
			dependencies = (
			);
			name = DSKit;
			productName = DSKit;
			productReference = 0BC585012761FC5E008B4226 /* DSKit.app */;
			productType = "com.apple.product-type.application";
		};
/* End PBXNativeTarget section */

/* Begin PBXProject section */
		0BC584F92761FC5E008B4226 /* Project object */ = {
			isa = PBXProject;
			attributes = {
				LastUpgradeCheck = 1250;
				TargetAttributes = {
					0BC585002761FC5E008B4226 = {
						CreatedOnToolsVersion = 12.5.1;
					};
				};
			};
			buildConfigurationList = 0BC584FC2761FC5E008B4226 /* Build configuration list for PBXProject "DSKit" */;
			compatibilityVersion = "Xcode 9.3";
			developmentRegion = en;
			hasScannedForEncodings = 0;
			knownRegions = (
				en,
				Base,
			);
			mainGroup = 0BC584F82761FC5E008B4226;
			productRefGroup = 0BC585022761FC5E008B4226 /* Products */;
			projectDirPath = "";
			projectRoot = "";
			targets = (
				0BC585002761FC5E008B4226 /* DSKit */,
			);
		};
/* End PBXProject section */

/* Begin PBXResourcesBuildPhase section */
		0BC584FF2761FC5E008B4226 /* Resources */ = {
			isa = PBXResourcesBuildPhase;
			buildActionMask = 2147483647;
			files = (
				0BC585142761FC63008B4226 /* LaunchScreen.storyboard in Resources */,
				0BC585112761FC63008B4226 /* Assets.xcassets in Resources */,
				0BC5850F2761FC5E008B4226 /* Main.storyboard in Resources */,
			);
			runOnlyForDeploymentPostprocessing = 0;
		};
/* End PBXResourcesBuildPhase section */

/* Begin PBXSourcesBuildPhase section */
		0BC584FD2761FC5E008B4226 /* Sources */ = {
			isa = PBXSourcesBuildPhase;
			buildActionMask = 2147483647;
			files = (
				0BC5850C2761FC5E008B4226 /* ViewController.m in Sources */,
				0BC585062761FC5E008B4226 /* AppDelegate.m in Sources */,
				0BC585262761FC9C008B4226 /* UIButton+DSAdd.m in Sources */,
				0BC585172761FC63008B4226 /* main.m in Sources */,
				0BC585272761FC9C008B4226 /* UILabel+DSAdd.m in Sources */,
				0BC585282761FC9C008B4226 /* UIView+DSAdd.m in Sources */,
				0BC585252761FC9C008B4226 /* UIImageView+DSAdd.m in Sources */,
				0BC585092761FC5E008B4226 /* SceneDelegate.m in Sources */,
			);
			runOnlyForDeploymentPostprocessing = 0;
		};
/* End PBXSourcesBuildPhase section */

/* Begin PBXVariantGroup section */
		0BC5850D2761FC5E008B4226 /* Main.storyboard */ = {
			isa = PBXVariantGroup;
			children = (
				0BC5850E2761FC5E008B4226 /* Base */,
			);
			name = Main.storyboard;
			sourceTree = "<group>";
		};
		0BC585122761FC63008B4226 /* LaunchScreen.storyboard */ = {
			isa = PBXVariantGroup;
			children = (
				0BC585132761FC63008B4226 /* Base */,
			);
			name = LaunchScreen.storyboard;
			sourceTree = "<group>";
		};
/* End PBXVariantGroup section */

/* Begin XCBuildConfiguration section */
		0BC585182761FC63008B4226 /* Debug */ = {
			isa = XCBuildConfiguration;
			buildSettings = {
				ALWAYS_SEARCH_USER_PATHS = NO;
				CLANG_ANALYZER_NONNULL = YES;
				CLANG_ANALYZER_NUMBER_OBJECT_CONVERSION = YES_AGGRESSIVE;
				CLANG_CXX_LANGUAGE_STANDARD = "gnu++14";
				CLANG_CXX_LIBRARY = "libc++";
				CLANG_ENABLE_MODULES = YES;
				CLANG_ENABLE_OBJC_ARC = YES;
				CLANG_ENABLE_OBJC_WEAK = YES;
				CLANG_WARN_BLOCK_CAPTURE_AUTORELEASING = YES;
				CLANG_WARN_BOOL_CONVERSION = YES;
				CLANG_WARN_COMMA = YES;
				CLANG_WARN_CONSTANT_CONVERSION = YES;
				CLANG_WARN_DEPRECATED_OBJC_IMPLEMENTATIONS = YES;
				CLANG_WARN_DIRECT_OBJC_ISA_USAGE = YES_ERROR;
				CLANG_WARN_DOCUMENTATION_COMMENTS = YES;
				CLANG_WARN_EMPTY_BODY = YES;
				CLANG_WARN_ENUM_CONVERSION = YES;
				CLANG_WARN_INFINITE_RECURSION = YES;
				CLANG_WARN_INT_CONVERSION = YES;
				CLANG_WARN_NON_LITERAL_NULL_CONVERSION = YES;
				CLANG_WARN_OBJC_IMPLICIT_RETAIN_SELF = YES;
				CLANG_WARN_OBJC_LITERAL_CONVERSION = YES;
				CLANG_WARN_OBJC_ROOT_CLASS = YES_ERROR;
				CLANG_WARN_QUOTED_INCLUDE_IN_FRAMEWORK_HEADER = YES;
				CLANG_WARN_RANGE_LOOP_ANALYSIS = YES;
				CLANG_WARN_STRICT_PROTOTYPES = YES;
				CLANG_WARN_SUSPICIOUS_MOVE = YES;
				CLANG_WARN_UNGUARDED_AVAILABILITY = YES_AGGRESSIVE;
				CLANG_WARN_UNREACHABLE_CODE = YES;
				CLANG_WARN__DUPLICATE_METHOD_MATCH = YES;
				COPY_PHASE_STRIP = NO;
				DEBUG_INFORMATION_FORMAT = dwarf;
				ENABLE_STRICT_OBJC_MSGSEND = YES;
				ENABLE_TESTABILITY = YES;
				GCC_C_LANGUAGE_STANDARD = gnu11;
				GCC_DYNAMIC_NO_PIC = NO;
				GCC_NO_COMMON_BLOCKS = YES;
				GCC_OPTIMIZATION_LEVEL = 0;
				GCC_PREPROCESSOR_DEFINITIONS = (
					"DEBUG=1",
					"$(inherited)",
				);
				GCC_WARN_64_TO_32_BIT_CONVERSION = YES;
				GCC_WARN_ABOUT_RETURN_TYPE = YES_ERROR;
				GCC_WARN_UNDECLARED_SELECTOR = YES;
				GCC_WARN_UNINITIALIZED_AUTOS = YES_AGGRESSIVE;
				GCC_WARN_UNUSED_FUNCTION = YES;
				GCC_WARN_UNUSED_VARIABLE = YES;
				IPHONEOS_DEPLOYMENT_TARGET = 14.5;
				MTL_ENABLE_DEBUG_INFO = INCLUDE_SOURCE;
				MTL_FAST_MATH = YES;
				ONLY_ACTIVE_ARCH = YES;
				SDKROOT = iphoneos;
			};
			name = Debug;
		};
		0BC585192761FC63008B4226 /* Release */ = {
			isa = XCBuildConfiguration;
			buildSettings = {
				ALWAYS_SEARCH_USER_PATHS = NO;
				CLANG_ANALYZER_NONNULL = YES;
				CLANG_ANALYZER_NUMBER_OBJECT_CONVERSION = YES_AGGRESSIVE;
				CLANG_CXX_LANGUAGE_STANDARD = "gnu++14";
				CLANG_CXX_LIBRARY = "libc++";
				CLANG_ENABLE_MODULES = YES;
				CLANG_ENABLE_OBJC_ARC = YES;
				CLANG_ENABLE_OBJC_WEAK = YES;
				CLANG_WARN_BLOCK_CAPTURE_AUTORELEASING = YES;
				CLANG_WARN_BOOL_CONVERSION = YES;
				CLANG_WARN_COMMA = YES;
				CLANG_WARN_CONSTANT_CONVERSION = YES;
				CLANG_WARN_DEPRECATED_OBJC_IMPLEMENTATIONS = YES;
				CLANG_WARN_DIRECT_OBJC_ISA_USAGE = YES_ERROR;
				CLANG_WARN_DOCUMENTATION_COMMENTS = YES;
				CLANG_WARN_EMPTY_BODY = YES;
				CLANG_WARN_ENUM_CONVERSION = YES;
				CLANG_WARN_INFINITE_RECURSION = YES;
				CLANG_WARN_INT_CONVERSION = YES;
				CLANG_WARN_NON_LITERAL_NULL_CONVERSION = YES;
				CLANG_WARN_OBJC_IMPLICIT_RETAIN_SELF = YES;
				CLANG_WARN_OBJC_LITERAL_CONVERSION = YES;
				CLANG_WARN_OBJC_ROOT_CLASS = YES_ERROR;
				CLANG_WARN_QUOTED_INCLUDE_IN_FRAMEWORK_HEADER = YES;
				CLANG_WARN_RANGE_LOOP_ANALYSIS = YES;
				CLANG_WARN_STRICT_PROTOTYPES = YES;
				CLANG_WARN_SUSPICIOUS_MOVE = YES;
				CLANG_WARN_UNGUARDED_AVAILABILITY = YES_AGGRESSIVE;
				CLANG_WARN_UNREACHABLE_CODE = YES;
				CLANG_WARN__DUPLICATE_METHOD_MATCH = YES;
				COPY_PHASE_STRIP = NO;
				DEBUG_INFORMATION_FORMAT = "dwarf-with-dsym";
				ENABLE_NS_ASSERTIONS = NO;
				ENABLE_STRICT_OBJC_MSGSEND = YES;
				GCC_C_LANGUAGE_STANDARD = gnu11;
				GCC_NO_COMMON_BLOCKS = YES;
				GCC_WARN_64_TO_32_BIT_CONVERSION = YES;
				GCC_WARN_ABOUT_RETURN_TYPE = YES_ERROR;
				GCC_WARN_UNDECLARED_SELECTOR = YES;
				GCC_WARN_UNINITIALIZED_AUTOS = YES_AGGRESSIVE;
				GCC_WARN_UNUSED_FUNCTION = YES;
				GCC_WARN_UNUSED_VARIABLE = YES;
				IPHONEOS_DEPLOYMENT_TARGET = 14.5;
				MTL_ENABLE_DEBUG_INFO = NO;
				MTL_FAST_MATH = YES;
				SDKROOT = iphoneos;
				VALIDATE_PRODUCT = YES;
			};
			name = Release;
		};
		0BC5851B2761FC63008B4226 /* Debug */ = {
			isa = XCBuildConfiguration;
			buildSettings = {
				ASSETCATALOG_COMPILER_APPICON_NAME = AppIcon;
				ASSETCATALOG_COMPILER_GLOBAL_ACCENT_COLOR_NAME = AccentColor;
				CODE_SIGN_STYLE = Automatic;
				DEVELOPMENT_TEAM = KG9NTL42W4;
				INFOPLIST_FILE = DSKit/Info.plist;
				LD_RUNPATH_SEARCH_PATHS = (
					"$(inherited)",
					"@executable_path/Frameworks",
				);
				PRODUCT_BUNDLE_IDENTIFIER = com.zds.DSKit;
				PRODUCT_NAME = "$(TARGET_NAME)";
				TARGETED_DEVICE_FAMILY = "1,2";
			};
			name = Debug;
		};
		0BC5851C2761FC63008B4226 /* Release */ = {
			isa = XCBuildConfiguration;
			buildSettings = {
				ASSETCATALOG_COMPILER_APPICON_NAME = AppIcon;
				ASSETCATALOG_COMPILER_GLOBAL_ACCENT_COLOR_NAME = AccentColor;
				CODE_SIGN_STYLE = Automatic;
				DEVELOPMENT_TEAM = KG9NTL42W4;
				INFOPLIST_FILE = DSKit/Info.plist;
				LD_RUNPATH_SEARCH_PATHS = (
					"$(inherited)",
					"@executable_path/Frameworks",
				);
				PRODUCT_BUNDLE_IDENTIFIER = com.zds.DSKit;
				PRODUCT_NAME = "$(TARGET_NAME)";
				TARGETED_DEVICE_FAMILY = "1,2";
			};
			name = Release;
		};
/* End XCBuildConfiguration section */

/* Begin XCConfigurationList section */
		0BC584FC2761FC5E008B4226 /* Build configuration list for PBXProject "DSKit" */ = {
			isa = XCConfigurationList;
			buildConfigurations = (
				0BC585182761FC63008B4226 /* Debug */,
				0BC585192761FC63008B4226 /* Release */,
			);
			defaultConfigurationIsVisible = 0;
			defaultConfigurationName = Release;
		};
		0BC5851A2761FC63008B4226 /* Build configuration list for PBXNativeTarget "DSKit" */ = {
			isa = XCConfigurationList;
			buildConfigurations = (
				0BC5851B2761FC63008B4226 /* Debug */,
				0BC5851C2761FC63008B4226 /* Release */,
			);
			defaultConfigurationIsVisible = 0;
			defaultConfigurationName = Release;
		};
/* End XCConfigurationList section */
	};
	rootObject = 0BC584F92761FC5E008B4226 /* Project object */;
}
